
Microsoft Visual Studio Solution File, Format Version 12.00
# Visual Studio Version 16
VisualStudioVersion = 16.0.31025.194
MinimumVisualStudioVersion = 10.0.40219.1
Project("{9A19103F-16F7-4668-BE54-9A1E7A4F7556}") = "Calculator.hg.Tests", "Calculator.hg.Tests.csproj", "{C00FE3CB-207A-49F6-BF51-E7A356B40798}"
EndProject
Global
	GlobalSection(SolutionConfigurationPlatforms) = preSolution
		Debug|Any CPU = Debug|Any CPU
		Release|Any CPU = Release|Any CPU
	EndGlobalSection
	GlobalSection(ProjectConfigurationPlatforms) = postSolution
		{C00FE3CB-207A-49F6-BF51-E7A356B40798}.Debug|Any CPU.ActiveCfg = Debug|Any CPU
		{C00FE3CB-207A-49F6-BF51-E7A356B40798}.Debug|Any CPU.Build.0 = Debug|Any CPU
		{C00FE3CB-207A-49F6-BF51-E7A356B40798}.Release|Any CPU.ActiveCfg = Release|Any CPU
		{C00FE3CB-207A-49F6-BF51-E7A356B40798}.Release|Any CPU.Build.0 = Release|Any CPU
	EndGlobalSection
	GlobalSection(SolutionProperties) = preSolution
		HideSolutionNode = FALSE
	EndGlobalSection
	GlobalSection(ExtensibilityGlobals) = postSolution
		SolutionGuid = {A31A1C87-FABD-46B4-8B83-66CFE9EA453E}
	EndGlobalSection
EndGlobal
